// !$*UTF8*$!
{
	archiveVersion = 1;
	classes = {
	};
	objectVersion = 50;
	objects = {

/* Begin PBXBuildFile section */
		20A570BF24B8079000D0A386 /* AppDelegate.swift in Sources */ = {isa = PBXBuildFile; fileRef = 20A570BE24B8079000D0A386 /* AppDelegate.swift */; };
		20A570C124B8079000D0A386 /* SceneDelegate.swift in Sources */ = {isa = PBXBuildFile; fileRef = 20A570C024B8079000D0A386 /* SceneDelegate.swift */; };
		20A570C324B8079000D0A386 /* ViewController.swift in Sources */ = {isa = PBXBuildFile; fileRef = 20A570C224B8079000D0A386 /* ViewController.swift */; };
		20A570C624B8079000D0A386 /* Main.storyboard in Resources */ = {isa = PBXBuildFile; fileRef = 20A570C424B8079000D0A386 /* Main.storyboard */; };
		20A570C824B8079200D0A386 /* Assets.xcassets in Resources */ = {isa = PBXBuildFile; fileRef = 20A570C724B8079200D0A386 /* Assets.xcassets */; };
		20A570CB24B8079200D0A386 /* LaunchScreen.storyboard in Resources */ = {isa = PBXBuildFile; fileRef = 20A570C924B8079200D0A386 /* LaunchScreen.storyboard */; };
		20A570D624B8079300D0A386 /* SongGeneratorTests.swift in Sources */ = {isa = PBXBuildFile; fileRef = 20A570D524B8079300D0A386 /* SongGeneratorTests.swift */; };
		20A570E124B8079300D0A386 /* SongGeneratorUITests.swift in Sources */ = {isa = PBXBuildFile; fileRef = 20A570E024B8079300D0A386 /* SongGeneratorUITests.swift */; };
/* End PBXBuildFile section */

/* Begin PBXContainerItemProxy section */
		20A570D224B8079300D0A386 /* PBXContainerItemProxy */ = {
			isa = PBXContainerItemProxy;
			containerPortal = 20A570B324B8079000D0A386 /* Project object */;
			proxyType = 1;
			remoteGlobalIDString = 20A570BA24B8079000D0A386;
			remoteInfo = SongGenerator;
		};
		20A570DD24B8079300D0A386 /* PBXContainerItemProxy */ = {
			isa = PBXContainerItemProxy;
			containerPortal = 20A570B324B8079000D0A386 /* Project object */;
			proxyType = 1;
			remoteGlobalIDString = 20A570BA24B8079000D0A386;
			remoteInfo = SongGenerator;
		};
/* End PBXContainerItemProxy section */

/* Begin PBXFileReference section */
		20A570BB24B8079000D0A386 /* SongGenerator.app */ = {isa = PBXFileReference; explicitFileType = wrapper.application; includeInIndex = 0; path = SongGenerator.app; sourceTree = BUILT_PRODUCTS_DIR; };
		20A570BE24B8079000D0A386 /* AppDelegate.swift */ = {isa = PBXFileReference; lastKnownFileType = sourcecode.swift; path = AppDelegate.swift; sourceTree = "<group>"; };
		20A570C024B8079000D0A386 /* SceneDelegate.swift */ = {isa = PBXFileReference; lastKnownFileType = sourcecode.swift; path = SceneDelegate.swift; sourceTree = "<group>"; };
		20A570C224B8079000D0A386 /* ViewController.swift */ = {isa = PBXFileReference; lastKnownFileType = sourcecode.swift; path = ViewController.swift; sourceTree = "<group>"; };
		20A570C524B8079000D0A386 /* Base */ = {isa = PBXFileReference; lastKnownFileType = file.storyboard; name = Base; path = Base.lproj/Main.storyboard; sourceTree = "<group>"; };
		20A570C724B8079200D0A386 /* Assets.xcassets */ = {isa = PBXFileReference; lastKnownFileType = folder.assetcatalog; path = Assets.xcassets; sourceTree = "<group>"; };
		20A570CA24B8079200D0A386 /* Base */ = {isa = PBXFileReference; lastKnownFileType = file.storyboard; name = Base; path = Base.lproj/LaunchScreen.storyboard; sourceTree = "<group>"; };
		20A570CC24B8079200D0A386 /* Info.plist */ = {isa = PBXFileReference; lastKnownFileType = text.plist.xml; path = Info.plist; sourceTree = "<group>"; };
		20A570D124B8079300D0A386 /* SongGeneratorTests.xctest */ = {isa = PBXFileReference; explicitFileType = wrapper.cfbundle; includeInIndex = 0; path = SongGeneratorTests.xctest; sourceTree = BUILT_PRODUCTS_DIR; };
		20A570D524B8079300D0A386 /* SongGeneratorTests.swift */ = {isa = PBXFileReference; lastKnownFileType = sourcecode.swift; path = SongGeneratorTests.swift; sourceTree = "<group>"; };
		20A570D724B8079300D0A386 /* Info.plist */ = {isa = PBXFileReference; lastKnownFileType = text.plist.xml; path = Info.plist; sourceTree = "<group>"; };
		20A570DC24B8079300D0A386 /* SongGeneratorUITests.xctest */ = {isa = PBXFileReference; explicitFileType = wrapper.cfbundle; includeInIndex = 0; path = SongGeneratorUITests.xctest; sourceTree = BUILT_PRODUCTS_DIR; };
		20A570E024B8079300D0A386 /* SongGeneratorUITests.swift */ = {isa = PBXFileReference; lastKnownFileType = sourcecode.swift; path = SongGeneratorUITests.swift; sourceTree = "<group>"; };
		20A570E224B8079300D0A386 /* Info.plist */ = {isa = PBXFileReference; lastKnownFileType = text.plist.xml; path = Info.plist; sourceTree = "<group>"; };
/* End PBXFileReference section */

/* Begin PBXFrameworksBuildPhase section */
		20A570B824B8079000D0A386 /* Frameworks */ = {
			isa = PBXFrameworksBuildPhase;
			buildActionMask = 2147483647;
			files = (
			);
			runOnlyForDeploymentPostprocessing = 0;
		};
		20A570CE24B8079300D0A386 /* Frameworks */ = {
			isa = PBXFrameworksBuildPhase;
			buildActionMask = 2147483647;
			files = (
			);
			runOnlyForDeploymentPostprocessing = 0;
		};
		20A570D924B8079300D0A386 /* Frameworks */ = {
			isa = PBXFrameworksBuildPhase;
			buildActionMask = 2147483647;
			files = (
			);
			runOnlyForDeploymentPostprocessing = 0;
		};
/* End PBXFrameworksBuildPhase section */

/* Begin PBXGroup section */
		20A570B224B8079000D0A386 = {
			isa = PBXGroup;
			children = (
				20A570BD24B8079000D0A386 /* SongGenerator */,
				20A570D424B8079300D0A386 /* SongGeneratorTests */,
				20A570DF24B8079300D0A386 /* SongGeneratorUITests */,
				20A570BC24B8079000D0A386 /* Products */,
			);
			sourceTree = "<group>";
		};
		20A570BC24B8079000D0A386 /* Products */ = {
			isa = PBXGroup;
			children = (
				20A570BB24B8079000D0A386 /* SongGenerator.app */,
				20A570D124B8079300D0A386 /* SongGeneratorTests.xctest */,
				20A570DC24B8079300D0A386 /* SongGeneratorUITests.xctest */,
			);
			name = Products;
			sourceTree = "<group>";
		};
		20A570BD24B8079000D0A386 /* SongGenerator */ = {
			isa = PBXGroup;
			children = (
				20A570BE24B8079000D0A386 /* AppDelegate.swift */,
				20A570C024B8079000D0A386 /* SceneDelegate.swift */,
				20A570C224B8079000D0A386 /* ViewController.swift */,
				20A570C424B8079000D0A386 /* Main.storyboard */,
				20A570C724B8079200D0A386 /* Assets.xcassets */,
				20A570C924B8079200D0A386 /* LaunchScreen.storyboard */,
				20A570CC24B8079200D0A386 /* Info.plist */,
			);
			path = SongGenerator;
			sourceTree = "<group>";
		};
		20A570D424B8079300D0A386 /* SongGeneratorTests */ = {
			isa = PBXGroup;
			children = (
				20A570D524B8079300D0A386 /* SongGeneratorTests.swift */,
				20A570D724B8079300D0A386 /* Info.plist */,
			);
			path = SongGeneratorTests;
			sourceTree = "<group>";
		};
		20A570DF24B8079300D0A386 /* SongGeneratorUITests */ = {
			isa = PBXGroup;
			children = (
				20A570E024B8079300D0A386 /* SongGeneratorUITests.swift */,
				20A570E224B8079300D0A386 /* Info.plist */,
			);
			path = SongGeneratorUITests;
			sourceTree = "<group>";
		};
/* End PBXGroup section */

/* Begin PBXNativeTarget section */
		20A570BA24B8079000D0A386 /* SongGenerator */ = {
			isa = PBXNativeTarget;
			buildConfigurationList = 20A570E524B8079300D0A386 /* Build configuration list for PBXNativeTarget "SongGenerator" */;
			buildPhases = (
				20A570B724B8079000D0A386 /* Sources */,
				20A570B824B8079000D0A386 /* Frameworks */,
				20A570B924B8079000D0A386 /* Resources */,
			);
			buildRules = (
			);
			dependencies = (
			);
			name = SongGenerator;
			productName = SongGenerator;
			productReference = 20A570BB24B8079000D0A386 /* SongGenerator.app */;
			productType = "com.apple.product-type.application";
		};
		20A570D024B8079300D0A386 /* SongGeneratorTests */ = {
			isa = PBXNativeTarget;
			buildConfigurationList = 20A570E824B8079300D0A386 /* Build configuration list for PBXNativeTarget "SongGeneratorTests" */;
			buildPhases = (
				20A570CD24B8079300D0A386 /* Sources */,
				20A570CE24B8079300D0A386 /* Frameworks */,
				20A570CF24B8079300D0A386 /* Resources */,
			);
			buildRules = (
			);
			dependencies = (
				20A570D324B8079300D0A386 /* PBXTargetDependency */,
			);
			name = SongGeneratorTests;
			productName = SongGeneratorTests;
			productReference = 20A570D124B8079300D0A386 /* SongGeneratorTests.xctest */;
			productType = "com.apple.product-type.bundle.unit-test";
		};
		20A570DB24B8079300D0A386 /* SongGeneratorUITests */ = {
			isa = PBXNativeTarget;
			buildConfigurationList = 20A570EB24B8079300D0A386 /* Build configuration list for PBXNativeTarget "SongGeneratorUITests" */;
			buildPhases = (
				20A570D824B8079300D0A386 /* Sources */,
				20A570D924B8079300D0A386 /* Frameworks */,
				20A570DA24B8079300D0A386 /* Resources */,
			);
			buildRules = (
			);
			dependencies = (
				20A570DE24B8079300D0A386 /* PBXTargetDependency */,
			);
			name = SongGeneratorUITests;
			productName = SongGeneratorUITests;
			productReference = 20A570DC24B8079300D0A386 /* SongGeneratorUITests.xctest */;
			productType = "com.apple.product-type.bundle.ui-testing";
		};
/* End PBXNativeTarget section */

/* Begin PBXProject section */
		20A570B324B8079000D0A386 /* Project object */ = {
			isa = PBXProject;
			attributes = {
				LastSwiftUpdateCheck = 1150;
				LastUpgradeCheck = 1150;
				ORGANIZATIONNAME = "Sulaiman  Ahmed";
				TargetAttributes = {
					20A570BA24B8079000D0A386 = {
						CreatedOnToolsVersion = 11.5;
					};
					20A570D024B8079300D0A386 = {
						CreatedOnToolsVersion = 11.5;
						TestTargetID = 20A570BA24B8079000D0A386;
					};
					20A570DB24B8079300D0A386 = {
						CreatedOnToolsVersion = 11.5;
						TestTargetID = 20A570BA24B8079000D0A386;
					};
				};
			};
			buildConfigurationList = 20A570B624B8079000D0A386 /* Build configuration list for PBXProject "SongGenerator" */;
			compatibilityVersion = "Xcode 9.3";
			developmentRegion = en;
			hasScannedForEncodings = 0;
			knownRegions = (
				en,
				Base,
			);
			mainGroup = 20A570B224B8079000D0A386;
			productRefGroup = 20A570BC24B8079000D0A386 /* Products */;
			projectDirPath = "";
			projectRoot = "";
			targets = (
				20A570BA24B8079000D0A386 /* SongGenerator */,
				20A570D024B8079300D0A386 /* SongGeneratorTests */,
				20A570DB24B8079300D0A386 /* SongGeneratorUITests */,
			);
		};
/* End PBXProject section */

/* Begin PBXResourcesBuildPhase section */
		20A570B924B8079000D0A386 /* Resources */ = {
			isa = PBXResourcesBuildPhase;
			buildActionMask = 2147483647;
			files = (
				20A570CB24B8079200D0A386 /* LaunchScreen.storyboard in Resources */,
				20A570C824B8079200D0A386 /* Assets.xcassets in Resources */,
				20A570C624B8079000D0A386 /* Main.storyboard in Resources */,
			);
			runOnlyForDeploymentPostprocessing = 0;
		};
		20A570CF24B8079300D0A386 /* Resources */ = {
			isa = PBXResourcesBuildPhase;
			buildActionMask = 2147483647;
			files = (
			);
			runOnlyForDeploymentPostprocessing = 0;
		};
		20A570DA24B8079300D0A386 /* Resources */ = {
			isa = PBXResourcesBuildPhase;
			buildActionMask = 2147483647;
			files = (
			);
			runOnlyForDeploymentPostprocessing = 0;
		};
/* End PBXResourcesBuildPhase section */

/* Begin PBXSourcesBuildPhase section */
		20A570B724B8079000D0A386 /* Sources */ = {
			isa = PBXSourcesBuildPhase;
			buildActionMask = 2147483647;
			files = (
				20A570C324B8079000D0A386 /* ViewController.swift in Sources */,
				20A570BF24B8079000D0A386 /* AppDelegate.swift in Sources */,
				20A570C124B8079000D0A386 /* SceneDelegate.swift in Sources */,
			);
			runOnlyForDeploymentPostprocessing = 0;
		};
		20A570CD24B8079300D0A386 /* Sources */ = {
			isa = PBXSourcesBuildPhase;
			buildActionMask = 2147483647;
			files = (
				20A570D624B8079300D0A386 /* SongGeneratorTests.swift in Sources */,
			);
			runOnlyForDeploymentPostprocessing = 0;
		};
		20A570D824B8079300D0A386 /* Sources */ = {
			isa = PBXSourcesBuildPhase;
			buildActionMask = 2147483647;
			files = (
				20A570E124B8079300D0A386 /* SongGeneratorUITests.swift in Sources */,
			);
			runOnlyForDeploymentPostprocessing = 0;
		};
/* End PBXSourcesBuildPhase section */

/* Begin PBXTargetDependency section */
		20A570D324B8079300D0A386 /* PBXTargetDependency */ = {
			isa = PBXTargetDependency;
			target = 20A570BA24B8079000D0A386 /* SongGenerator */;
			targetProxy = 20A570D224B8079300D0A386 /* PBXContainerItemProxy */;
		};
		20A570DE24B8079300D0A386 /* PBXTargetDependency */ = {
			isa = PBXTargetDependency;
			target = 20A570BA24B8079000D0A386 /* SongGenerator */;
			targetProxy = 20A570DD24B8079300D0A386 /* PBXContainerItemProxy */;
		};
/* End PBXTargetDependency section */

/* Begin PBXVariantGroup section */
		20A570C424B8079000D0A386 /* Main.storyboard */ = {
			isa = PBXVariantGroup;
			children = (
				20A570C524B8079000D0A386 /* Base */,
			);
			name = Main.storyboard;
			sourceTree = "<group>";
		};
		20A570C924B8079200D0A386 /* LaunchScreen.storyboard */ = {
			isa = PBXVariantGroup;
			children = (
				20A570CA24B8079200D0A386 /* Base */,
			);
			name = LaunchScreen.storyboard;
			sourceTree = "<group>";
		};
/* End PBXVariantGroup section */

/* Begin XCBuildConfiguration section */
		20A570E324B8079300D0A386 /* Debug */ = {
			isa = XCBuildConfiguration;
			buildSettings = {
				ALWAYS_SEARCH_USER_PATHS = NO;
				CLANG_ANALYZER_NONNULL = YES;
				CLANG_ANALYZER_NUMBER_OBJECT_CONVERSION = YES_AGGRESSIVE;
				CLANG_CXX_LANGUAGE_STANDARD = "gnu++14";
				CLANG_CXX_LIBRARY = "libc++";
				CLANG_ENABLE_MODULES = YES;
				CLANG_ENABLE_OBJC_ARC = YES;
				CLANG_ENABLE_OBJC_WEAK = YES;
				CLANG_WARN_BLOCK_CAPTURE_AUTORELEASING = YES;
				CLANG_WARN_BOOL_CONVERSION = YES;
				CLANG_WARN_COMMA = YES;
				CLANG_WARN_CONSTANT_CONVERSION = YES;
				CLANG_WARN_DEPRECATED_OBJC_IMPLEMENTATIONS = YES;
				CLANG_WARN_DIRECT_OBJC_ISA_USAGE = YES_ERROR;
				CLANG_WARN_DOCUMENTATION_COMMENTS = YES;
				CLANG_WARN_EMPTY_BODY = YES;
				CLANG_WARN_ENUM_CONVERSION = YES;
				CLANG_WARN_INFINITE_RECURSION = YES;
				CLANG_WARN_INT_CONVERSION = YES;
				CLANG_WARN_NON_LITERAL_NULL_CONVERSION = YES;
				CLANG_WARN_OBJC_IMPLICIT_RETAIN_SELF = YES;
				CLANG_WARN_OBJC_LITERAL_CONVERSION = YES;
				CLANG_WARN_OBJC_ROOT_CLASS = YES_ERROR;
				CLANG_WARN_RANGE_LOOP_ANALYSIS = YES;
				CLANG_WARN_STRICT_PROTOTYPES = YES;
				CLANG_WARN_SUSPICIOUS_MOVE = YES;
				CLANG_WARN_UNGUARDED_AVAILABILITY = YES_AGGRESSIVE;
				CLANG_WARN_UNREACHABLE_CODE = YES;
				CLANG_WARN__DUPLICATE_METHOD_MATCH = YES;
				COPY_PHASE_STRIP = NO;
				DEBUG_INFORMATION_FORMAT = dwarf;
				ENABLE_STRICT_OBJC_MSGSEND = YES;
				ENABLE_TESTABILITY = YES;
				GCC_C_LANGUAGE_STANDARD = gnu11;
				GCC_DYNAMIC_NO_PIC = NO;
				GCC_NO_COMMON_BLOCKS = YES;
				GCC_OPTIMIZATION_LEVEL = 0;
				GCC_PREPROCESSOR_DEFINITIONS = (
					"DEBUG=1",
					"$(inherited)",
				);
				GCC_WARN_64_TO_32_BIT_CONVERSION = YES;
				GCC_WARN_ABOUT_RETURN_TYPE = YES_ERROR;
				GCC_WARN_UNDECLARED_SELECTOR = YES;
				GCC_WARN_UNINITIALIZED_AUTOS = YES_AGGRESSIVE;
				GCC_WARN_UNUSED_FUNCTION = YES;
				GCC_WARN_UNUSED_VARIABLE = YES;
				IPHONEOS_DEPLOYMENT_TARGET = 13.5;
				MTL_ENABLE_DEBUG_INFO = INCLUDE_SOURCE;
				MTL_FAST_MATH = YES;
				ONLY_ACTIVE_ARCH = YES;
				SDKROOT = iphoneos;
				SWIFT_ACTIVE_COMPILATION_CONDITIONS = DEBUG;
				SWIFT_OPTIMIZATION_LEVEL = "-Onone";
			};
			name = Debug;
		};
		20A570E424B8079300D0A386 /* Release */ = {
			isa = XCBuildConfiguration;
			buildSettings = {
				ALWAYS_SEARCH_USER_PATHS = NO;
				CLANG_ANALYZER_NONNULL = YES;
				CLANG_ANALYZER_NUMBER_OBJECT_CONVERSION = YES_AGGRESSIVE;
				CLANG_CXX_LANGUAGE_STANDARD = "gnu++14";
				CLANG_CXX_LIBRARY = "libc++";
				CLANG_ENABLE_MODULES = YES;
				CLANG_ENABLE_OBJC_ARC = YES;
				CLANG_ENABLE_OBJC_WEAK = YES;
				CLANG_WARN_BLOCK_CAPTURE_AUTORELEASING = YES;
				CLANG_WARN_BOOL_CONVERSION = YES;
				CLANG_WARN_COMMA = YES;
				CLANG_WARN_CONSTANT_CONVERSION = YES;
				CLANG_WARN_DEPRECATED_OBJC_IMPLEMENTATIONS = YES;
				CLANG_WARN_DIRECT_OBJC_ISA_USAGE = YES_ERROR;
				CLANG_WARN_DOCUMENTATION_COMMENTS = YES;
				CLANG_WARN_EMPTY_BODY = YES;
				CLANG_WARN_ENUM_CONVERSION = YES;
				CLANG_WARN_INFINITE_RECURSION = YES;
				CLANG_WARN_INT_CONVERSION = YES;
				CLANG_WARN_NON_LITERAL_NULL_CONVERSION = YES;
				CLANG_WARN_OBJC_IMPLICIT_RETAIN_SELF = YES;
				CLANG_WARN_OBJC_LITERAL_CONVERSION = YES;
				CLANG_WARN_OBJC_ROOT_CLASS = YES_ERROR;
				CLANG_WARN_RANGE_LOOP_ANALYSIS = YES;
				CLANG_WARN_STRICT_PROTOTYPES = YES;
				CLANG_WARN_SUSPICIOUS_MOVE = YES;
				CLANG_WARN_UNGUARDED_AVAILABILITY = YES_AGGRESSIVE;
				CLANG_WARN_UNREACHABLE_CODE = YES;
				CLANG_WARN__DUPLICATE_METHOD_MATCH = YES;
				COPY_PHASE_STRIP = NO;
				DEBUG_INFORMATION_FORMAT = "dwarf-with-dsym";
				ENABLE_NS_ASSERTIONS = NO;
				ENABLE_STRICT_OBJC_MSGSEND = YES;
				GCC_C_LANGUAGE_STANDARD = gnu11;
				GCC_NO_COMMON_BLOCKS = YES;
				GCC_WARN_64_TO_32_BIT_CONVERSION = YES;
				GCC_WARN_ABOUT_RETURN_TYPE = YES_ERROR;
				GCC_WARN_UNDECLARED_SELECTOR = YES;
				GCC_WARN_UNINITIALIZED_AUTOS = YES_AGGRESSIVE;
				GCC_WARN_UNUSED_FUNCTION = YES;
				GCC_WARN_UNUSED_VARIABLE = YES;
				IPHONEOS_DEPLOYMENT_TARGET = 13.5;
				MTL_ENABLE_DEBUG_INFO = NO;
				MTL_FAST_MATH = YES;
				SDKROOT = iphoneos;
				SWIFT_COMPILATION_MODE = wholemodule;
				SWIFT_OPTIMIZATION_LEVEL = "-O";
				VALIDATE_PRODUCT = YES;
			};
			name = Release;
		};
		20A570E624B8079300D0A386 /* Debug */ = {
			isa = XCBuildConfiguration;
			buildSettings = {
				ASSETCATALOG_COMPILER_APPICON_NAME = AppIcon;
				CODE_SIGN_STYLE = Automatic;
				INFOPLIST_FILE = SongGenerator/Info.plist;
				LD_RUNPATH_SEARCH_PATHS = (
					"$(inherited)",
					"@executable_path/Frameworks",
				);
				PRODUCT_BUNDLE_IDENTIFIER = sahmed08.SongGenerator;
				PRODUCT_NAME = "$(TARGET_NAME)";
				SWIFT_VERSION = 5.0;
				TARGETED_DEVICE_FAMILY = "1,2";
			};
			name = Debug;
		};
		20A570E724B8079300D0A386 /* Release */ = {
			isa = XCBuildConfiguration;
			buildSettings = {
				ASSETCATALOG_COMPILER_APPICON_NAME = AppIcon;
				CODE_SIGN_STYLE = Automatic;
				INFOPLIST_FILE = SongGenerator/Info.plist;
				LD_RUNPATH_SEARCH_PATHS = (
					"$(inherited)",
					"@executable_path/Frameworks",
				);
				PRODUCT_BUNDLE_IDENTIFIER = sahmed08.SongGenerator;
				PRODUCT_NAME = "$(TARGET_NAME)";
				SWIFT_VERSION = 5.0;
				TARGETED_DEVICE_FAMILY = "1,2";
			};
			name = Release;
		};
		20A570E924B8079300D0A386 /* Debug */ = {
			isa = XCBuildConfiguration;
			buildSettings = {
				ALWAYS_EMBED_SWIFT_STANDARD_LIBRARIES = YES;
				BUNDLE_LOADER = "$(TEST_HOST)";
				CODE_SIGN_STYLE = Automatic;
				INFOPLIST_FILE = SongGeneratorTests/Info.plist;
				IPHONEOS_DEPLOYMENT_TARGET = 13.5;
				LD_RUNPATH_SEARCH_PATHS = (
					"$(inherited)",
					"@executable_path/Frameworks",
					"@loader_path/Frameworks",
				);
				PRODUCT_BUNDLE_IDENTIFIER = sahmed08.SongGeneratorTests;
				PRODUCT_NAME = "$(TARGET_NAME)";
				SWIFT_VERSION = 5.0;
				TARGETED_DEVICE_FAMILY = "1,2";
				TEST_HOST = "$(BUILT_PRODUCTS_DIR)/SongGenerator.app/SongGenerator";
			};
			name = Debug;
		};
		20A570EA24B8079300D0A386 /* Release */ = {
			isa = XCBuildConfiguration;
			buildSettings = {
				ALWAYS_EMBED_SWIFT_STANDARD_LIBRARIES = YES;
				BUNDLE_LOADER = "$(TEST_HOST)";
				CODE_SIGN_STYLE = Automatic;
				INFOPLIST_FILE = SongGeneratorTests/Info.plist;
				IPHONEOS_DEPLOYMENT_TARGET = 13.5;
				LD_RUNPATH_SEARCH_PATHS = (
					"$(inherited)",
					"@executable_path/Frameworks",
					"@loader_path/Frameworks",
				);
				PRODUCT_BUNDLE_IDENTIFIER = sahmed08.SongGeneratorTests;
				PRODUCT_NAME = "$(TARGET_NAME)";
				SWIFT_VERSION = 5.0;
				TARGETED_DEVICE_FAMILY = "1,2";
				TEST_HOST = "$(BUILT_PRODUCTS_DIR)/SongGenerator.app/SongGenerator";
			};
			name = Release;
		};
		20A570EC24B8079300D0A386 /* Debug */ = {
			isa = XCBuildConfiguration;
			buildSettings = {
				ALWAYS_EMBED_SWIFT_STANDARD_LIBRARIES = YES;
				CODE_SIGN_STYLE = Automatic;
				INFOPLIST_FILE = SongGeneratorUITests/Info.plist;
				LD_RUNPATH_SEARCH_PATHS = (
					"$(inherited)",
					"@executable_path/Frameworks",
					"@loader_path/Frameworks",
				);
				PRODUCT_BUNDLE_IDENTIFIER = sahmed08.SongGeneratorUITests;
				PRODUCT_NAME = "$(TARGET_NAME)";
				SWIFT_VERSION = 5.0;
				TARGETED_DEVICE_FAMILY = "1,2";
				TEST_TARGET_NAME = SongGenerator;
			};
			name = Debug;
		};
		20A570ED24B8079300D0A386 /* Release */ = {
			isa = XCBuildConfiguration;
			buildSettings = {
				ALWAYS_EMBED_SWIFT_STANDARD_LIBRARIES = YES;
				CODE_SIGN_STYLE = Automatic;
				INFOPLIST_FILE = SongGeneratorUITests/Info.plist;
				LD_RUNPATH_SEARCH_PATHS = (
					"$(inherited)",
					"@executable_path/Frameworks",
					"@loader_path/Frameworks",
				);
				PRODUCT_BUNDLE_IDENTIFIER = sahmed08.SongGeneratorUITests;
				PRODUCT_NAME = "$(TARGET_NAME)";
				SWIFT_VERSION = 5.0;
				TARGETED_DEVICE_FAMILY = "1,2";
				TEST_TARGET_NAME = SongGenerator;
			};
			name = Release;
		};
/* End XCBuildConfiguration section */

/* Begin XCConfigurationList section */
		20A570B624B8079000D0A386 /* Build configuration list for PBXProject "SongGenerator" */ = {
			isa = XCConfigurationList;
			buildConfigurations = (
				20A570E324B8079300D0A386 /* Debug */,
				20A570E424B8079300D0A386 /* Release */,
			);
			defaultConfigurationIsVisible = 0;
			defaultConfigurationName = Release;
		};
		20A570E524B8079300D0A386 /* Build configuration list for PBXNativeTarget "SongGenerator" */ = {
			isa = XCConfigurationList;
			buildConfigurations = (
				20A570E624B8079300D0A386 /* Debug */,
				20A570E724B8079300D0A386 /* Release */,
			);
			defaultConfigurationIsVisible = 0;
			defaultConfigurationName = Release;
		};
		20A570E824B8079300D0A386 /* Build configuration list for PBXNativeTarget "SongGeneratorTests" */ = {
			isa = XCConfigurationList;
			buildConfigurations = (
				20A570E924B8079300D0A386 /* Debug */,
				20A570EA24B8079300D0A386 /* Release */,
			);
			defaultConfigurationIsVisible = 0;
			defaultConfigurationName = Release;
		};
		20A570EB24B8079300D0A386 /* Build configuration list for PBXNativeTarget "SongGeneratorUITests" */ = {
			isa = XCConfigurationList;
			buildConfigurations = (
				20A570EC24B8079300D0A386 /* Debug */,
				20A570ED24B8079300D0A386 /* Release */,
			);
			defaultConfigurationIsVisible = 0;
			defaultConfigurationName = Release;
		};
/* End XCConfigurationList section */
	};
	rootObject = 20A570B324B8079000D0A386 /* Project object */;
}
